
Microsoft Visual Studio Solution File, Format Version 12.00
# Visual Studio Version 17
VisualStudioVersion = 17.14.36203.30
MinimumVisualStudioVersion = 10.0.40219.1
Project("{FAE04EC0-301F-11D3-BF4B-00C04F79EFBC}") = "BicycleRental.Tests", "BicycleRental.Test\BicycleRental.Tests.csproj", "{E65F483B-7E1A-4125-A3C7-5410B1B03B0C}"
EndProject
Project("{FAE04EC0-301F-11D3-BF4B-00C04F79EFBC}") = "BicycleRental.Domain", "BicycleRental.Domain\BicycleRental.Domain.csproj", "{5D7D522E-0CE3-3435-834D-069D3E390F6D}"
EndProject
Global
	GlobalSection(SolutionConfigurationPlatforms) = preSolution
		Debug|Any CPU = Debug|Any CPU
		Release|Any CPU = Release|Any CPU
	EndGlobalSection
	GlobalSection(ProjectConfigurationPlatforms) = postSolution
		{E65F483B-7E1A-4125-A3C7-5410B1B03B0C}.Debug|Any CPU.ActiveCfg = Debug|Any CPU
		{E65F483B-7E1A-4125-A3C7-5410B1B03B0C}.Debug|Any CPU.Build.0 = Debug|Any CPU
		{E65F483B-7E1A-4125-A3C7-5410B1B03B0C}.Release|Any CPU.ActiveCfg = Release|Any CPU
		{E65F483B-7E1A-4125-A3C7-5410B1B03B0C}.Release|Any CPU.Build.0 = Release|Any CPU
		{5D7D522E-0CE3-3435-834D-069D3E390F6D}.Debug|Any CPU.ActiveCfg = Debug|Any CPU
		{5D7D522E-0CE3-3435-834D-069D3E390F6D}.Debug|Any CPU.Build.0 = Debug|Any CPU
		{5D7D522E-0CE3-3435-834D-069D3E390F6D}.Release|Any CPU.ActiveCfg = Release|Any CPU
		{5D7D522E-0CE3-3435-834D-069D3E390F6D}.Release|Any CPU.Build.0 = Release|Any CPU
	EndGlobalSection
	GlobalSection(SolutionProperties) = preSolution
		HideSolutionNode = FALSE
	EndGlobalSection
	GlobalSection(ExtensibilityGlobals) = postSolution
		SolutionGuid = {46901E7E-AF62-4083-B71B-D79B8FFE2972}
	EndGlobalSection
EndGlobal
